
Microsoft Visual Studio Solution File, Format Version 12.00
# Visual Studio Version 17
VisualStudioVersion = 17.1.32210.238
MinimumVisualStudioVersion = 10.0.40219.1
Project("{8BC9CEB8-8B4A-11D0-8D11-00A0C91BC942}") = "fileTranslator", "fileTranslator.vcxproj", "{B75351D5-4166-405D-ABCA-23E96DECD8C5}"
EndProject
Project("{888888A0-9F3D-457C-B088-3A5042F75D52}") = "pyTranslator", "..\pyTranslator\pyTranslator.pyproj", "{2AE7C809-F86B-4CEC-B525-4232C128FB0D}"
EndProject
Global
	GlobalSection(SolutionConfigurationPlatforms) = preSolution
		Debug|Any CPU = Debug|Any CPU
		Debug|x64 = Debug|x64
		Debug|x86 = Debug|x86
		Release|Any CPU = Release|Any CPU
		Release|x64 = Release|x64
		Release|x86 = Release|x86
	EndGlobalSection
	GlobalSection(ProjectConfigurationPlatforms) = postSolution
		{B75351D5-4166-405D-ABCA-23E96DECD8C5}.Debug|Any CPU.ActiveCfg = Debug|x64
		{B75351D5-4166-405D-ABCA-23E96DECD8C5}.Debug|Any CPU.Build.0 = Debug|x64
		{B75351D5-4166-405D-ABCA-23E96DECD8C5}.Debug|x64.ActiveCfg = Debug|x64
		{B75351D5-4166-405D-ABCA-23E96DECD8C5}.Debug|x64.Build.0 = Debug|x64
		{B75351D5-4166-405D-ABCA-23E96DECD8C5}.Debug|x86.ActiveCfg = Debug|Win32
		{B75351D5-4166-405D-ABCA-23E96DECD8C5}.Debug|x86.Build.0 = Debug|Win32
		{B75351D5-4166-405D-ABCA-23E96DECD8C5}.Release|Any CPU.ActiveCfg = Release|x64
		{B75351D5-4166-405D-ABCA-23E96DECD8C5}.Release|Any CPU.Build.0 = Release|x64
		{B75351D5-4166-405D-ABCA-23E96DECD8C5}.Release|x64.ActiveCfg = Release|x64
		{B75351D5-4166-405D-ABCA-23E96DECD8C5}.Release|x64.Build.0 = Release|x64
		{B75351D5-4166-405D-ABCA-23E96DECD8C5}.Release|x86.ActiveCfg = Release|Win32
		{B75351D5-4166-405D-ABCA-23E96DECD8C5}.Release|x86.Build.0 = Release|Win32
		{2AE7C809-F86B-4CEC-B525-4232C128FB0D}.Debug|Any CPU.ActiveCfg = Debug|Any CPU
		{2AE7C809-F86B-4CEC-B525-4232C128FB0D}.Debug|x64.ActiveCfg = Debug|Any CPU
		{2AE7C809-F86B-4CEC-B525-4232C128FB0D}.Debug|x86.ActiveCfg = Debug|Any CPU
		{2AE7C809-F86B-4CEC-B525-4232C128FB0D}.Release|Any CPU.ActiveCfg = Release|Any CPU
		{2AE7C809-F86B-4CEC-B525-4232C128FB0D}.Release|x64.ActiveCfg = Release|Any CPU
		{2AE7C809-F86B-4CEC-B525-4232C128FB0D}.Release|x86.ActiveCfg = Release|Any CPU
	EndGlobalSection
	GlobalSection(SolutionProperties) = preSolution
		HideSolutionNode = FALSE
	EndGlobalSection
	GlobalSection(ExtensibilityGlobals) = postSolution
		SolutionGuid = {604DBC39-F70E-4E65-8187-971252186D07}
	EndGlobalSection
EndGlobal
